
Microsoft Visual Studio Solution File, Format Version 12.00
# Visual Studio 14
VisualStudioVersion = 14.0.23107.0
MinimumVisualStudioVersion = 10.0.40219.1
Project("{FAE04EC0-301F-11D3-BF4B-00C04F79EFBC}") = "WepApi.Data", "WepApi.Data\WepApi.Data.csproj", "{92FC0FF8-0F53-4A9F-A0A9-E41D6E65B80D}"
EndProject
Project("{FAE04EC0-301F-11D3-BF4B-00C04F79EFBC}") = "WebApi.Repository", "WebApi.Repository\WebApi.Repository.csproj", "{78089890-CEE6-4D8C-A94C-735349932987}"
EndProject
Project("{FAE04EC0-301F-11D3-BF4B-00C04F79EFBC}") = "ConsoleOutput", "ConsoleOutput\ConsoleOutput.csproj", "{EB04A9C7-D578-4722-813C-4F9C0E659AFD}"
EndProject
Global
	GlobalSection(SolutionConfigurationPlatforms) = preSolution
		Debug|Any CPU = Debug|Any CPU
		Release|Any CPU = Release|Any CPU
	EndGlobalSection
	GlobalSection(ProjectConfigurationPlatforms) = postSolution
		{92FC0FF8-0F53-4A9F-A0A9-E41D6E65B80D}.Debug|Any CPU.ActiveCfg = Debug|Any CPU
		{92FC0FF8-0F53-4A9F-A0A9-E41D6E65B80D}.Debug|Any CPU.Build.0 = Debug|Any CPU
		{92FC0FF8-0F53-4A9F-A0A9-E41D6E65B80D}.Release|Any CPU.ActiveCfg = Release|Any CPU
		{92FC0FF8-0F53-4A9F-A0A9-E41D6E65B80D}.Release|Any CPU.Build.0 = Release|Any CPU
		{78089890-CEE6-4D8C-A94C-735349932987}.Debug|Any CPU.ActiveCfg = Debug|Any CPU
		{78089890-CEE6-4D8C-A94C-735349932987}.Debug|Any CPU.Build.0 = Debug|Any CPU
		{78089890-CEE6-4D8C-A94C-735349932987}.Release|Any CPU.ActiveCfg = Release|Any CPU
		{78089890-CEE6-4D8C-A94C-735349932987}.Release|Any CPU.Build.0 = Release|Any CPU
		{EB04A9C7-D578-4722-813C-4F9C0E659AFD}.Debug|Any CPU.ActiveCfg = Debug|Any CPU
		{EB04A9C7-D578-4722-813C-4F9C0E659AFD}.Debug|Any CPU.Build.0 = Debug|Any CPU
		{EB04A9C7-D578-4722-813C-4F9C0E659AFD}.Release|Any CPU.ActiveCfg = Release|Any CPU
		{EB04A9C7-D578-4722-813C-4F9C0E659AFD}.Release|Any CPU.Build.0 = Release|Any CPU
	EndGlobalSection
	GlobalSection(SolutionProperties) = preSolution
		HideSolutionNode = FALSE
	EndGlobalSection
EndGlobal
